
Microsoft Visual Studio Solution File, Format Version 12.00
# Visual Studio Version 17
VisualStudioVersion = 17.8.34408.163
MinimumVisualStudioVersion = 10.0.40219.1
Project("{8BC9CEB8-8B4A-11D0-8D11-00A0C91BC942}") = "ALL_BUILD", "ALL_BUILD.vcxproj", "{9C79B6DB-998C-37C5-A8E8-08C247C825B2}"
	ProjectSection(ProjectDependencies) = postProject
		{0DA2B4A4-AABC-38D0-A52D-D98B8144E585} = {0DA2B4A4-AABC-38D0-A52D-D98B8144E585}
		{F27CA526-6EAC-35B3-8BD4-14805F81ED1B} = {F27CA526-6EAC-35B3-8BD4-14805F81ED1B}
	EndProjectSection
EndProject
Project("{8BC9CEB8-8B4A-11D0-8D11-00A0C91BC942}") = "GazeApiLib", "GazeApiLib.vcxproj", "{0DA2B4A4-AABC-38D0-A52D-D98B8144E585}"
	ProjectSection(ProjectDependencies) = postProject
		{F27CA526-6EAC-35B3-8BD4-14805F81ED1B} = {F27CA526-6EAC-35B3-8BD4-14805F81ED1B}
	EndProjectSection
EndProject
Project("{8BC9CEB8-8B4A-11D0-8D11-00A0C91BC942}") = "ZERO_CHECK", "ZERO_CHECK.vcxproj", "{F27CA526-6EAC-35B3-8BD4-14805F81ED1B}"
EndProject
Global
	GlobalSection(SolutionConfigurationPlatforms) = preSolution
		Debug|x64 = Debug|x64
		Debug|x86 = Debug|x86
		MinSizeRel|x64 = MinSizeRel|x64
		MinSizeRel|x86 = MinSizeRel|x86
		Release|x64 = Release|x64
		Release|x86 = Release|x86
		RelWithDebInfo|x64 = RelWithDebInfo|x64
		RelWithDebInfo|x86 = RelWithDebInfo|x86
	EndGlobalSection
	GlobalSection(ProjectConfigurationPlatforms) = postSolution
		{9C79B6DB-998C-37C5-A8E8-08C247C825B2}.Debug|x64.ActiveCfg = Debug|x64
		{9C79B6DB-998C-37C5-A8E8-08C247C825B2}.Debug|x86.ActiveCfg = Debug|x64
		{9C79B6DB-998C-37C5-A8E8-08C247C825B2}.Debug|x86.Build.0 = Debug|x64
		{9C79B6DB-998C-37C5-A8E8-08C247C825B2}.MinSizeRel|x64.ActiveCfg = Release|x64
		{9C79B6DB-998C-37C5-A8E8-08C247C825B2}.MinSizeRel|x64.Build.0 = Release|x64
		{9C79B6DB-998C-37C5-A8E8-08C247C825B2}.MinSizeRel|x86.ActiveCfg = Release|x64
		{9C79B6DB-998C-37C5-A8E8-08C247C825B2}.MinSizeRel|x86.Build.0 = Release|x64
		{9C79B6DB-998C-37C5-A8E8-08C247C825B2}.Release|x64.ActiveCfg = Release|x64
		{9C79B6DB-998C-37C5-A8E8-08C247C825B2}.Release|x86.ActiveCfg = Release|x64
		{9C79B6DB-998C-37C5-A8E8-08C247C825B2}.Release|x86.Build.0 = Release|x64
		{9C79B6DB-998C-37C5-A8E8-08C247C825B2}.RelWithDebInfo|x64.ActiveCfg = Release|x64
		{9C79B6DB-998C-37C5-A8E8-08C247C825B2}.RelWithDebInfo|x64.Build.0 = Release|x64
		{9C79B6DB-998C-37C5-A8E8-08C247C825B2}.RelWithDebInfo|x86.ActiveCfg = Release|x64
		{9C79B6DB-998C-37C5-A8E8-08C247C825B2}.RelWithDebInfo|x86.Build.0 = Release|x64
		{0DA2B4A4-AABC-38D0-A52D-D98B8144E585}.Debug|x64.ActiveCfg = Debug|x64
		{0DA2B4A4-AABC-38D0-A52D-D98B8144E585}.Debug|x64.Build.0 = Debug|x64
		{0DA2B4A4-AABC-38D0-A52D-D98B8144E585}.Debug|x86.ActiveCfg = Debug|x64
		{0DA2B4A4-AABC-38D0-A52D-D98B8144E585}.Debug|x86.Build.0 = Debug|x64
		{0DA2B4A4-AABC-38D0-A52D-D98B8144E585}.MinSizeRel|x64.ActiveCfg = Release|x64
		{0DA2B4A4-AABC-38D0-A52D-D98B8144E585}.MinSizeRel|x64.Build.0 = Release|x64
		{0DA2B4A4-AABC-38D0-A52D-D98B8144E585}.MinSizeRel|x86.ActiveCfg = Release|x64
		{0DA2B4A4-AABC-38D0-A52D-D98B8144E585}.MinSizeRel|x86.Build.0 = Release|x64
		{0DA2B4A4-AABC-38D0-A52D-D98B8144E585}.Release|x64.ActiveCfg = Release|x64
		{0DA2B4A4-AABC-38D0-A52D-D98B8144E585}.Release|x64.Build.0 = Release|x64
		{0DA2B4A4-AABC-38D0-A52D-D98B8144E585}.Release|x86.ActiveCfg = Release|x64
		{0DA2B4A4-AABC-38D0-A52D-D98B8144E585}.Release|x86.Build.0 = Release|x64
		{0DA2B4A4-AABC-38D0-A52D-D98B8144E585}.RelWithDebInfo|x64.ActiveCfg = Release|x64
		{0DA2B4A4-AABC-38D0-A52D-D98B8144E585}.RelWithDebInfo|x64.Build.0 = Release|x64
		{0DA2B4A4-AABC-38D0-A52D-D98B8144E585}.RelWithDebInfo|x86.ActiveCfg = Release|x64
		{0DA2B4A4-AABC-38D0-A52D-D98B8144E585}.RelWithDebInfo|x86.Build.0 = Release|x64
		{F27CA526-6EAC-35B3-8BD4-14805F81ED1B}.Debug|x64.ActiveCfg = Debug|x64
		{F27CA526-6EAC-35B3-8BD4-14805F81ED1B}.Debug|x64.Build.0 = Debug|x64
		{F27CA526-6EAC-35B3-8BD4-14805F81ED1B}.Debug|x86.ActiveCfg = Debug|x64
		{F27CA526-6EAC-35B3-8BD4-14805F81ED1B}.Debug|x86.Build.0 = Debug|x64
		{F27CA526-6EAC-35B3-8BD4-14805F81ED1B}.MinSizeRel|x64.ActiveCfg = Release|x64
		{F27CA526-6EAC-35B3-8BD4-14805F81ED1B}.MinSizeRel|x64.Build.0 = Release|x64
		{F27CA526-6EAC-35B3-8BD4-14805F81ED1B}.MinSizeRel|x86.ActiveCfg = Release|x64
		{F27CA526-6EAC-35B3-8BD4-14805F81ED1B}.MinSizeRel|x86.Build.0 = Release|x64
		{F27CA526-6EAC-35B3-8BD4-14805F81ED1B}.Release|x64.ActiveCfg = Release|x64
		{F27CA526-6EAC-35B3-8BD4-14805F81ED1B}.Release|x64.Build.0 = Release|x64
		{F27CA526-6EAC-35B3-8BD4-14805F81ED1B}.Release|x86.ActiveCfg = Release|x64
		{F27CA526-6EAC-35B3-8BD4-14805F81ED1B}.Release|x86.Build.0 = Release|x64
		{F27CA526-6EAC-35B3-8BD4-14805F81ED1B}.RelWithDebInfo|x64.ActiveCfg = Release|x64
		{F27CA526-6EAC-35B3-8BD4-14805F81ED1B}.RelWithDebInfo|x64.Build.0 = Release|x64
		{F27CA526-6EAC-35B3-8BD4-14805F81ED1B}.RelWithDebInfo|x86.ActiveCfg = Release|x64
		{F27CA526-6EAC-35B3-8BD4-14805F81ED1B}.RelWithDebInfo|x86.Build.0 = Release|x64
	EndGlobalSection
	GlobalSection(SolutionProperties) = preSolution
		HideSolutionNode = FALSE
	EndGlobalSection
	GlobalSection(ExtensibilityGlobals) = postSolution
		SolutionGuid = {E562C8F9-AA68-37F3-89AD-0546292D0AA2}
	EndGlobalSection
EndGlobal
